// !$*UTF8*$!
{
	archiveVersion = 1;
	classes = {
	};
	objectVersion = 46;
	objects = {

/* Begin PBXBuildFile section */
		3FB0D7B620EDB89F00ED3880 /* NetworkManagerTests.swift in Sources */ = {isa = PBXBuildFile; fileRef = 3FB0D7B520EDB89F00ED3880 /* NetworkManagerTests.swift */; };
		3FB0D7B820EDB8B300ED3880 /* CurrencyManagerTests.swift in Sources */ = {isa = PBXBuildFile; fileRef = 3FB0D7B720EDB8B300ED3880 /* CurrencyManagerTests.swift */; };
		3FB0D7BA20EDB8C600ED3880 /* RequestBuilderTests.swift in Sources */ = {isa = PBXBuildFile; fileRef = 3FB0D7B920EDB8C600ED3880 /* RequestBuilderTests.swift */; };
		3FB0D7BC20EDB90500ED3880 /* EtsyListingCellTests.swift in Sources */ = {isa = PBXBuildFile; fileRef = 3FB0D7BB20EDB90500ED3880 /* EtsyListingCellTests.swift */; };
		3FB2EE881EEF585200C4044C /* AppDelegate.swift in Sources */ = {isa = PBXBuildFile; fileRef = 3FB2EE871EEF585200C4044C /* AppDelegate.swift */; };
		3FB2EE8D1EEF585200C4044C /* Main.storyboard in Resources */ = {isa = PBXBuildFile; fileRef = 3FB2EE8B1EEF585200C4044C /* Main.storyboard */; };
		3FB2EE901EEF585200C4044C /* Etsy_eer.xcdatamodeld in Sources */ = {isa = PBXBuildFile; fileRef = 3FB2EE8E1EEF585200C4044C /* Etsy_eer.xcdatamodeld */; };
		3FB2EE921EEF585200C4044C /* Assets.xcassets in Resources */ = {isa = PBXBuildFile; fileRef = 3FB2EE911EEF585200C4044C /* Assets.xcassets */; };
		3FB2EE951EEF585200C4044C /* LaunchScreen.storyboard in Resources */ = {isa = PBXBuildFile; fileRef = 3FB2EE931EEF585200C4044C /* LaunchScreen.storyboard */; };
		3FB2EEA01EEF585200C4044C /* Etsy_eerTests.swift in Sources */ = {isa = PBXBuildFile; fileRef = 3FB2EE9F1EEF585200C4044C /* Etsy_eerTests.swift */; };
		3FB2EEAB1EEF5A3900C4044C /* HomeViewController.swift in Sources */ = {isa = PBXBuildFile; fileRef = 3FB2EEAA1EEF5A3900C4044C /* HomeViewController.swift */; };
		3FB2EEAD1EEF5A9600C4044C /* Listing.swift in Sources */ = {isa = PBXBuildFile; fileRef = 3FB2EEAC1EEF5A9600C4044C /* Listing.swift */; };
		3FB2EEAF1EEF5AA600C4044C /* CurrencyManager.swift in Sources */ = {isa = PBXBuildFile; fileRef = 3FB2EEAE1EEF5AA600C4044C /* CurrencyManager.swift */; };
		3FB2EEB11EEF5AB500C4044C /* NetworkManager.swift in Sources */ = {isa = PBXBuildFile; fileRef = 3FB2EEB01EEF5AB500C4044C /* NetworkManager.swift */; };
		3FB2EEB31EEF5ABC00C4044C /* RequestFactory.swift in Sources */ = {isa = PBXBuildFile; fileRef = 3FB2EEB21EEF5ABC00C4044C /* RequestFactory.swift */; };
		3FB2EEBA1EEF5B3200C4044C /* EtsyListingCell.swift in Sources */ = {isa = PBXBuildFile; fileRef = 3FB2EEB91EEF5B3200C4044C /* EtsyListingCell.swift */; };
		3FB2EEBC1EEF5B4E00C4044C /* Loader.swift in Sources */ = {isa = PBXBuildFile; fileRef = 3FB2EEBB1EEF5B4E00C4044C /* Loader.swift */; };
		3FB2EEBE1EEF5D0400C4044C /* String+HTMLEntities.swift in Sources */ = {isa = PBXBuildFile; fileRef = 3FB2EEBD1EEF5D0400C4044C /* String+HTMLEntities.swift */; };
		5B800DB429637901E3583130 /* Pods_Etsy_eer.framework in Frameworks */ = {isa = PBXBuildFile; fileRef = 3CCAB8F77BD0EEFAE7D26323 /* Pods_Etsy_eer.framework */; };
		EB43088F0F6767C5652D49D6 /* Pods_Etsy_eerTests.framework in Frameworks */ = {isa = PBXBuildFile; fileRef = 13DFA2B52A0A499687D75EE9 /* Pods_Etsy_eerTests.framework */; };
/* End PBXBuildFile section */

/* Begin PBXContainerItemProxy section */
		3FB2EE9C1EEF585200C4044C /* PBXContainerItemProxy */ = {
			isa = PBXContainerItemProxy;
			containerPortal = 3FB2EE7C1EEF585200C4044C /* Project object */;
			proxyType = 1;
			remoteGlobalIDString = 3FB2EE831EEF585200C4044C;
			remoteInfo = "Etsy-eer";
		};
/* End PBXContainerItemProxy section */

/* Begin PBXFileReference section */
		0C3F281D4776F3547EAF3A57 /* Pods-Etsy-eer.debug.xcconfig */ = {isa = PBXFileReference; includeInIndex = 1; lastKnownFileType = text.xcconfig; name = "Pods-Etsy-eer.debug.xcconfig"; path = "Pods/Target Support Files/Pods-Etsy-eer/Pods-Etsy-eer.debug.xcconfig"; sourceTree = "<group>"; };
		13DFA2B52A0A499687D75EE9 /* Pods_Etsy_eerTests.framework */ = {isa = PBXFileReference; explicitFileType = wrapper.framework; includeInIndex = 0; path = Pods_Etsy_eerTests.framework; sourceTree = BUILT_PRODUCTS_DIR; };
		3CCAB8F77BD0EEFAE7D26323 /* Pods_Etsy_eer.framework */ = {isa = PBXFileReference; explicitFileType = wrapper.framework; includeInIndex = 0; path = Pods_Etsy_eer.framework; sourceTree = BUILT_PRODUCTS_DIR; };
		3FB0D7B520EDB89F00ED3880 /* NetworkManagerTests.swift */ = {isa = PBXFileReference; lastKnownFileType = sourcecode.swift; path = NetworkManagerTests.swift; sourceTree = "<group>"; };
		3FB0D7B720EDB8B300ED3880 /* CurrencyManagerTests.swift */ = {isa = PBXFileReference; lastKnownFileType = sourcecode.swift; path = CurrencyManagerTests.swift; sourceTree = "<group>"; };
		3FB0D7B920EDB8C600ED3880 /* RequestBuilderTests.swift */ = {isa = PBXFileReference; lastKnownFileType = sourcecode.swift; path = RequestBuilderTests.swift; sourceTree = "<group>"; };
		3FB0D7BB20EDB90500ED3880 /* EtsyListingCellTests.swift */ = {isa = PBXFileReference; lastKnownFileType = sourcecode.swift; path = EtsyListingCellTests.swift; sourceTree = "<group>"; };
		3FB2EE841EEF585200C4044C /* Etsy-eer.app */ = {isa = PBXFileReference; explicitFileType = wrapper.application; includeInIndex = 0; path = "Etsy-eer.app"; sourceTree = BUILT_PRODUCTS_DIR; };
		3FB2EE871EEF585200C4044C /* AppDelegate.swift */ = {isa = PBXFileReference; lastKnownFileType = sourcecode.swift; path = AppDelegate.swift; sourceTree = "<group>"; };
		3FB2EE8C1EEF585200C4044C /* Base */ = {isa = PBXFileReference; lastKnownFileType = file.storyboard; name = Base; path = Base.lproj/Main.storyboard; sourceTree = "<group>"; };
		3FB2EE8F1EEF585200C4044C /* Etsy_eer.xcdatamodel */ = {isa = PBXFileReference; lastKnownFileType = wrapper.xcdatamodel; path = Etsy_eer.xcdatamodel; sourceTree = "<group>"; };
		3FB2EE911EEF585200C4044C /* Assets.xcassets */ = {isa = PBXFileReference; lastKnownFileType = folder.assetcatalog; path = Assets.xcassets; sourceTree = "<group>"; };
		3FB2EE941EEF585200C4044C /* Base */ = {isa = PBXFileReference; lastKnownFileType = file.storyboard; name = Base; path = Base.lproj/LaunchScreen.storyboard; sourceTree = "<group>"; };
		3FB2EE961EEF585200C4044C /* Info.plist */ = {isa = PBXFileReference; lastKnownFileType = text.plist.xml; path = Info.plist; sourceTree = "<group>"; };
		3FB2EE9B1EEF585200C4044C /* Etsy-eerTests.xctest */ = {isa = PBXFileReference; explicitFileType = wrapper.cfbundle; includeInIndex = 0; path = "Etsy-eerTests.xctest"; sourceTree = BUILT_PRODUCTS_DIR; };
		3FB2EE9F1EEF585200C4044C /* Etsy_eerTests.swift */ = {isa = PBXFileReference; lastKnownFileType = sourcecode.swift; path = Etsy_eerTests.swift; sourceTree = "<group>"; };
		3FB2EEA11EEF585200C4044C /* Info.plist */ = {isa = PBXFileReference; lastKnownFileType = text.plist.xml; path = Info.plist; sourceTree = "<group>"; };
		3FB2EEAA1EEF5A3900C4044C /* HomeViewController.swift */ = {isa = PBXFileReference; fileEncoding = 4; lastKnownFileType = sourcecode.swift; name = HomeViewController.swift; path = ../HomeViewController.swift; sourceTree = "<group>"; };
		3FB2EEAC1EEF5A9600C4044C /* Listing.swift */ = {isa = PBXFileReference; fileEncoding = 4; lastKnownFileType = sourcecode.swift; path = Listing.swift; sourceTree = "<group>"; };
		3FB2EEAE1EEF5AA600C4044C /* CurrencyManager.swift */ = {isa = PBXFileReference; fileEncoding = 4; lastKnownFileType = sourcecode.swift; path = CurrencyManager.swift; sourceTree = "<group>"; };
		3FB2EEB01EEF5AB500C4044C /* NetworkManager.swift */ = {isa = PBXFileReference; fileEncoding = 4; lastKnownFileType = sourcecode.swift; path = NetworkManager.swift; sourceTree = "<group>"; };
		3FB2EEB21EEF5ABC00C4044C /* RequestFactory.swift */ = {isa = PBXFileReference; fileEncoding = 4; lastKnownFileType = sourcecode.swift; path = RequestFactory.swift; sourceTree = "<group>"; };
		3FB2EEB91EEF5B3200C4044C /* EtsyListingCell.swift */ = {isa = PBXFileReference; fileEncoding = 4; lastKnownFileType = sourcecode.swift; path = EtsyListingCell.swift; sourceTree = "<group>"; };
		3FB2EEBB1EEF5B4E00C4044C /* Loader.swift */ = {isa = PBXFileReference; fileEncoding = 4; lastKnownFileType = sourcecode.swift; path = Loader.swift; sourceTree = "<group>"; };
		3FB2EEBD1EEF5D0400C4044C /* String+HTMLEntities.swift */ = {isa = PBXFileReference; fileEncoding = 4; lastKnownFileType = sourcecode.swift; path = "String+HTMLEntities.swift"; sourceTree = "<group>"; };
		5EFA65D79FC7C3001BA63980 /* Pods-Etsy-eerTests.release.xcconfig */ = {isa = PBXFileReference; includeInIndex = 1; lastKnownFileType = text.xcconfig; name = "Pods-Etsy-eerTests.release.xcconfig"; path = "Pods/Target Support Files/Pods-Etsy-eerTests/Pods-Etsy-eerTests.release.xcconfig"; sourceTree = "<group>"; };
		86C61B68C6DEA88DF9CF4DA2 /* Pods-Etsy-eer.release.xcconfig */ = {isa = PBXFileReference; includeInIndex = 1; lastKnownFileType = text.xcconfig; name = "Pods-Etsy-eer.release.xcconfig"; path = "Pods/Target Support Files/Pods-Etsy-eer/Pods-Etsy-eer.release.xcconfig"; sourceTree = "<group>"; };
		BB687C915000C1EF52208658 /* Pods-Etsy-eerTests.debug.xcconfig */ = {isa = PBXFileReference; includeInIndex = 1; lastKnownFileType = text.xcconfig; name = "Pods-Etsy-eerTests.debug.xcconfig"; path = "Pods/Target Support Files/Pods-Etsy-eerTests/Pods-Etsy-eerTests.debug.xcconfig"; sourceTree = "<group>"; };
/* End PBXFileReference section */

/* Begin PBXFrameworksBuildPhase section */
		3FB2EE811EEF585200C4044C /* Frameworks */ = {
			isa = PBXFrameworksBuildPhase;
			buildActionMask = 2147483647;
			files = (
				5B800DB429637901E3583130 /* Pods_Etsy_eer.framework in Frameworks */,
			);
			runOnlyForDeploymentPostprocessing = 0;
		};
		3FB2EE981EEF585200C4044C /* Frameworks */ = {
			isa = PBXFrameworksBuildPhase;
			buildActionMask = 2147483647;
			files = (
				EB43088F0F6767C5652D49D6 /* Pods_Etsy_eerTests.framework in Frameworks */,
			);
			runOnlyForDeploymentPostprocessing = 0;
		};
/* End PBXFrameworksBuildPhase section */

/* Begin PBXGroup section */
		3FB2EE7B1EEF585200C4044C = {
			isa = PBXGroup;
			children = (
				3FB2EE861EEF585200C4044C /* Etsy-eer */,
				3FB2EE9E1EEF585200C4044C /* Etsy-eerTests */,
				3FB2EE851EEF585200C4044C /* Products */,
				D55DB64A9F1FBBBC3272BA18 /* Pods */,
				668688A4895E9A913B4DCC14 /* Frameworks */,
			);
			sourceTree = "<group>";
		};
		3FB2EE851EEF585200C4044C /* Products */ = {
			isa = PBXGroup;
			children = (
				3FB2EE841EEF585200C4044C /* Etsy-eer.app */,
				3FB2EE9B1EEF585200C4044C /* Etsy-eerTests.xctest */,
			);
			name = Products;
			sourceTree = "<group>";
		};
		3FB2EE861EEF585200C4044C /* Etsy-eer */ = {
			isa = PBXGroup;
			children = (
				3FB2EEB41EEF5AC300C4044C /* Model */,
				3FB2EEB81EEF5B0C00C4044C /* Views */,
				3FB2EEB51EEF5AD000C4044C /* Controller */,
				3FB2EEB61EEF5AE000C4044C /* UI */,
				3FB2EEB71EEF5AF000C4044C /* Supporting Files */,
			);
			path = "Etsy-eer";
			sourceTree = "<group>";
		};
		3FB2EE9E1EEF585200C4044C /* Etsy-eerTests */ = {
			isa = PBXGroup;
			children = (
				3FB0D7BB20EDB90500ED3880 /* EtsyListingCellTests.swift */,
				3FB0D7B920EDB8C600ED3880 /* RequestBuilderTests.swift */,
				3FB0D7B720EDB8B300ED3880 /* CurrencyManagerTests.swift */,
				3FB0D7B520EDB89F00ED3880 /* NetworkManagerTests.swift */,
				3FB2EE9F1EEF585200C4044C /* Etsy_eerTests.swift */,
				3FB2EEA11EEF585200C4044C /* Info.plist */,
			);
			path = "Etsy-eerTests";
			sourceTree = "<group>";
		};
		3FB2EEB41EEF5AC300C4044C /* Model */ = {
			isa = PBXGroup;
			children = (
				3FB2EEAC1EEF5A9600C4044C /* Listing.swift */,
				3FB2EEAE1EEF5AA600C4044C /* CurrencyManager.swift */,
				3FB2EEB01EEF5AB500C4044C /* NetworkManager.swift */,
				3FB2EEB21EEF5ABC00C4044C /* RequestFactory.swift */,
			);
			name = Model;
			sourceTree = "<group>";
		};
		3FB2EEB51EEF5AD000C4044C /* Controller */ = {
			isa = PBXGroup;
			children = (
				3FB2EEAA1EEF5A3900C4044C /* HomeViewController.swift */,
			);
			name = Controller;
			sourceTree = "<group>";
		};
		3FB2EEB61EEF5AE000C4044C /* UI */ = {
			isa = PBXGroup;
			children = (
				3FB2EE8B1EEF585200C4044C /* Main.storyboard */,
				3FB2EE931EEF585200C4044C /* LaunchScreen.storyboard */,
			);
			name = UI;
			sourceTree = "<group>";
		};
		3FB2EEB71EEF5AF000C4044C /* Supporting Files */ = {
			isa = PBXGroup;
			children = (
				3FB2EE8E1EEF585200C4044C /* Etsy_eer.xcdatamodeld */,
				3FB2EE871EEF585200C4044C /* AppDelegate.swift */,
				3FB2EE911EEF585200C4044C /* Assets.xcassets */,
				3FB2EE961EEF585200C4044C /* Info.plist */,
				3FB2EEBD1EEF5D0400C4044C /* String+HTMLEntities.swift */,
			);
			name = "Supporting Files";
			sourceTree = "<group>";
		};
		3FB2EEB81EEF5B0C00C4044C /* Views */ = {
			isa = PBXGroup;
			children = (
				3FB2EEBB1EEF5B4E00C4044C /* Loader.swift */,
				3FB2EEB91EEF5B3200C4044C /* EtsyListingCell.swift */,
			);
			name = Views;
			sourceTree = "<group>";
		};
		668688A4895E9A913B4DCC14 /* Frameworks */ = {
			isa = PBXGroup;
			children = (
				3CCAB8F77BD0EEFAE7D26323 /* Pods_Etsy_eer.framework */,
				13DFA2B52A0A499687D75EE9 /* Pods_Etsy_eerTests.framework */,
			);
			name = Frameworks;
			sourceTree = "<group>";
		};
		D55DB64A9F1FBBBC3272BA18 /* Pods */ = {
			isa = PBXGroup;
			children = (
				0C3F281D4776F3547EAF3A57 /* Pods-Etsy-eer.debug.xcconfig */,
				86C61B68C6DEA88DF9CF4DA2 /* Pods-Etsy-eer.release.xcconfig */,
				BB687C915000C1EF52208658 /* Pods-Etsy-eerTests.debug.xcconfig */,
				5EFA65D79FC7C3001BA63980 /* Pods-Etsy-eerTests.release.xcconfig */,
			);
			name = Pods;
			sourceTree = "<group>";
		};
/* End PBXGroup section */

/* Begin PBXNativeTarget section */
		3FB2EE831EEF585200C4044C /* Etsy-eer */ = {
			isa = PBXNativeTarget;
			buildConfigurationList = 3FB2EEA41EEF585200C4044C /* Build configuration list for PBXNativeTarget "Etsy-eer" */;
			buildPhases = (
				56657895555B8A4D26CD248F /* [CP] Check Pods Manifest.lock */,
				3FB2EE801EEF585200C4044C /* Sources */,
				3FB2EE811EEF585200C4044C /* Frameworks */,
				3FB2EE821EEF585200C4044C /* Resources */,
				65EF6945BE7033B7FB36496A /* [CP] Embed Pods Frameworks */,
				6E1207D3A00CE480D4108FC8 /* [CP] Copy Pods Resources */,
			);
			buildRules = (
			);
			dependencies = (
			);
			name = "Etsy-eer";
			productName = "Etsy-eer";
			productReference = 3FB2EE841EEF585200C4044C /* Etsy-eer.app */;
			productType = "com.apple.product-type.application";
		};
		3FB2EE9A1EEF585200C4044C /* Etsy-eerTests */ = {
			isa = PBXNativeTarget;
			buildConfigurationList = 3FB2EEA71EEF585200C4044C /* Build configuration list for PBXNativeTarget "Etsy-eerTests" */;
			buildPhases = (
				71CF3357A3B1F975BC4BDC9A /* [CP] Check Pods Manifest.lock */,
				3FB2EE971EEF585200C4044C /* Sources */,
				3FB2EE981EEF585200C4044C /* Frameworks */,
				3FB2EE991EEF585200C4044C /* Resources */,
				4B4F446F3DA38BAAB964451E /* [CP] Embed Pods Frameworks */,
				8D273A02A3BA7AC99F4FF5DC /* [CP] Copy Pods Resources */,
			);
			buildRules = (
			);
			dependencies = (
				3FB2EE9D1EEF585200C4044C /* PBXTargetDependency */,
			);
			name = "Etsy-eerTests";
			productName = "Etsy-eerTests";
			productReference = 3FB2EE9B1EEF585200C4044C /* Etsy-eerTests.xctest */;
			productType = "com.apple.product-type.bundle.unit-test";
		};
/* End PBXNativeTarget section */

/* Begin PBXProject section */
		3FB2EE7C1EEF585200C4044C /* Project object */ = {
			isa = PBXProject;
			attributes = {
				LastSwiftUpdateCheck = 0830;
				LastUpgradeCheck = 0830;
				ORGANIZATIONNAME = "Callum Davies";
				TargetAttributes = {
					3FB2EE831EEF585200C4044C = {
						CreatedOnToolsVersion = 8.3;
						DevelopmentTeam = L73BUW34SZ;
						ProvisioningStyle = Automatic;
					};
					3FB2EE9A1EEF585200C4044C = {
						CreatedOnToolsVersion = 8.3;
						ProvisioningStyle = Automatic;
						TestTargetID = 3FB2EE831EEF585200C4044C;
					};
				};
			};
			buildConfigurationList = 3FB2EE7F1EEF585200C4044C /* Build configuration list for PBXProject "Etsy-eer" */;
			compatibilityVersion = "Xcode 3.2";
			developmentRegion = English;
			hasScannedForEncodings = 0;
			knownRegions = (
				en,
				Base,
			);
			mainGroup = 3FB2EE7B1EEF585200C4044C;
			productRefGroup = 3FB2EE851EEF585200C4044C /* Products */;
			projectDirPath = "";
			projectRoot = "";
			targets = (
				3FB2EE831EEF585200C4044C /* Etsy-eer */,
				3FB2EE9A1EEF585200C4044C /* Etsy-eerTests */,
			);
		};
/* End PBXProject section */

/* Begin PBXResourcesBuildPhase section */
		3FB2EE821EEF585200C4044C /* Resources */ = {
			isa = PBXResourcesBuildPhase;
			buildActionMask = 2147483647;
			files = (
				3FB2EE951EEF585200C4044C /* LaunchScreen.storyboard in Resources */,
				3FB2EE921EEF585200C4044C /* Assets.xcassets in Resources */,
				3FB2EE8D1EEF585200C4044C /* Main.storyboard in Resources */,
			);
			runOnlyForDeploymentPostprocessing = 0;
		};
		3FB2EE991EEF585200C4044C /* Resources */ = {
			isa = PBXResourcesBuildPhase;
			buildActionMask = 2147483647;
			files = (
			);
			runOnlyForDeploymentPostprocessing = 0;
		};
/* End PBXResourcesBuildPhase section */

/* Begin PBXShellScriptBuildPhase section */
		4B4F446F3DA38BAAB964451E /* [CP] Embed Pods Frameworks */ = {
			isa = PBXShellScriptBuildPhase;
			buildActionMask = 2147483647;
			files = (
			);
			inputPaths = (
			);
			name = "[CP] Embed Pods Frameworks";
			outputPaths = (
			);
			runOnlyForDeploymentPostprocessing = 0;
			shellPath = /bin/sh;
			shellScript = "\"${SRCROOT}/Pods/Target Support Files/Pods-Etsy-eerTests/Pods-Etsy-eerTests-frameworks.sh\"\n";
			showEnvVarsInLog = 0;
		};
		56657895555B8A4D26CD248F /* [CP] Check Pods Manifest.lock */ = {
			isa = PBXShellScriptBuildPhase;
			buildActionMask = 2147483647;
			files = (
			);
			inputPaths = (
			);
			name = "[CP] Check Pods Manifest.lock";
			outputPaths = (
			);
			runOnlyForDeploymentPostprocessing = 0;
			shellPath = /bin/sh;
			shellScript = "diff \"${PODS_ROOT}/../Podfile.lock\" \"${PODS_ROOT}/Manifest.lock\" > /dev/null\nif [ $? != 0 ] ; then\n    # print error to STDERR\n    echo \"error: The sandbox is not in sync with the Podfile.lock. Run 'pod install' or update your CocoaPods installation.\" >&2\n    exit 1\nfi\n";
			showEnvVarsInLog = 0;
		};
		65EF6945BE7033B7FB36496A /* [CP] Embed Pods Frameworks */ = {
			isa = PBXShellScriptBuildPhase;
			buildActionMask = 2147483647;
			files = (
			);
			inputPaths = (
			);
			name = "[CP] Embed Pods Frameworks";
			outputPaths = (
			);
			runOnlyForDeploymentPostprocessing = 0;
			shellPath = /bin/sh;
			shellScript = "\"${SRCROOT}/Pods/Target Support Files/Pods-Etsy-eer/Pods-Etsy-eer-frameworks.sh\"\n";
			showEnvVarsInLog = 0;
		};
		6E1207D3A00CE480D4108FC8 /* [CP] Copy Pods Resources */ = {
			isa = PBXShellScriptBuildPhase;
			buildActionMask = 2147483647;
			files = (
			);
			inputPaths = (
			);
			name = "[CP] Copy Pods Resources";
			outputPaths = (
			);
			runOnlyForDeploymentPostprocessing = 0;
			shellPath = /bin/sh;
			shellScript = "\"${SRCROOT}/Pods/Target Support Files/Pods-Etsy-eer/Pods-Etsy-eer-resources.sh\"\n";
			showEnvVarsInLog = 0;
		};
		71CF3357A3B1F975BC4BDC9A /* [CP] Check Pods Manifest.lock */ = {
			isa = PBXShellScriptBuildPhase;
			buildActionMask = 2147483647;
			files = (
			);
			inputPaths = (
			);
			name = "[CP] Check Pods Manifest.lock";
			outputPaths = (
			);
			runOnlyForDeploymentPostprocessing = 0;
			shellPath = /bin/sh;
			shellScript = "diff \"${PODS_ROOT}/../Podfile.lock\" \"${PODS_ROOT}/Manifest.lock\" > /dev/null\nif [ $? != 0 ] ; then\n    # print error to STDERR\n    echo \"error: The sandbox is not in sync with the Podfile.lock. Run 'pod install' or update your CocoaPods installation.\" >&2\n    exit 1\nfi\n";
			showEnvVarsInLog = 0;
		};
		8D273A02A3BA7AC99F4FF5DC /* [CP] Copy Pods Resources */ = {
			isa = PBXShellScriptBuildPhase;
			buildActionMask = 2147483647;
			files = (
			);
			inputPaths = (
			);
			name = "[CP] Copy Pods Resources";
			outputPaths = (
			);
			runOnlyForDeploymentPostprocessing = 0;
			shellPath = /bin/sh;
			shellScript = "\"${SRCROOT}/Pods/Target Support Files/Pods-Etsy-eerTests/Pods-Etsy-eerTests-resources.sh\"\n";
			showEnvVarsInLog = 0;
		};
/* End PBXShellScriptBuildPhase section */

/* Begin PBXSourcesBuildPhase section */
		3FB2EE801EEF585200C4044C /* Sources */ = {
			isa = PBXSourcesBuildPhase;
			buildActionMask = 2147483647;
			files = (
				3FB2EEB31EEF5ABC00C4044C /* RequestFactory.swift in Sources */,
				3FB2EEB11EEF5AB500C4044C /* NetworkManager.swift in Sources */,
				3FB2EE901EEF585200C4044C /* Etsy_eer.xcdatamodeld in Sources */,
				3FB2EEAF1EEF5AA600C4044C /* CurrencyManager.swift in Sources */,
				3FB2EE881EEF585200C4044C /* AppDelegate.swift in Sources */,
				3FB2EEAD1EEF5A9600C4044C /* Listing.swift in Sources */,
				3FB2EEBE1EEF5D0400C4044C /* String+HTMLEntities.swift in Sources */,
				3FB2EEAB1EEF5A3900C4044C /* HomeViewController.swift in Sources */,
				3FB2EEBA1EEF5B3200C4044C /* EtsyListingCell.swift in Sources */,
				3FB2EEBC1EEF5B4E00C4044C /* Loader.swift in Sources */,
			);
			runOnlyForDeploymentPostprocessing = 0;
		};
		3FB2EE971EEF585200C4044C /* Sources */ = {
			isa = PBXSourcesBuildPhase;
			buildActionMask = 2147483647;
			files = (
				3FB0D7B620EDB89F00ED3880 /* NetworkManagerTests.swift in Sources */,
				3FB0D7BC20EDB90500ED3880 /* EtsyListingCellTests.swift in Sources */,
				3FB2EEA01EEF585200C4044C /* Etsy_eerTests.swift in Sources */,
				3FB0D7B820EDB8B300ED3880 /* CurrencyManagerTests.swift in Sources */,
				3FB0D7BA20EDB8C600ED3880 /* RequestBuilderTests.swift in Sources */,
			);
			runOnlyForDeploymentPostprocessing = 0;
		};
/* End PBXSourcesBuildPhase section */

/* Begin PBXTargetDependency section */
		3FB2EE9D1EEF585200C4044C /* PBXTargetDependency */ = {
			isa = PBXTargetDependency;
			target = 3FB2EE831EEF585200C4044C /* Etsy-eer */;
			targetProxy = 3FB2EE9C1EEF585200C4044C /* PBXContainerItemProxy */;
		};
/* End PBXTargetDependency section */

/* Begin PBXVariantGroup section */
		3FB2EE8B1EEF585200C4044C /* Main.storyboard */ = {
			isa = PBXVariantGroup;
			children = (
				3FB2EE8C1EEF585200C4044C /* Base */,
			);
			name = Main.storyboard;
			sourceTree = "<group>";
		};
		3FB2EE931EEF585200C4044C /* LaunchScreen.storyboard */ = {
			isa = PBXVariantGroup;
			children = (
				3FB2EE941EEF585200C4044C /* Base */,
			);
			name = LaunchScreen.storyboard;
			sourceTree = "<group>";
		};
/* End PBXVariantGroup section */

/* Begin XCBuildConfiguration section */
		3FB2EEA21EEF585200C4044C /* Debug */ = {
			isa = XCBuildConfiguration;
			buildSettings = {
				ALWAYS_SEARCH_USER_PATHS = NO;
				CLANG_ANALYZER_NONNULL = YES;
				CLANG_ANALYZER_NUMBER_OBJECT_CONVERSION = YES_AGGRESSIVE;
				CLANG_CXX_LANGUAGE_STANDARD = "gnu++0x";
				CLANG_CXX_LIBRARY = "libc++";
				CLANG_ENABLE_MODULES = YES;
				CLANG_ENABLE_OBJC_ARC = YES;
				CLANG_WARN_BOOL_CONVERSION = YES;
				CLANG_WARN_CONSTANT_CONVERSION = YES;
				CLANG_WARN_DIRECT_OBJC_ISA_USAGE = YES_ERROR;
				CLANG_WARN_DOCUMENTATION_COMMENTS = YES;
				CLANG_WARN_EMPTY_BODY = YES;
				CLANG_WARN_ENUM_CONVERSION = YES;
				CLANG_WARN_INFINITE_RECURSION = YES;
				CLANG_WARN_INT_CONVERSION = YES;
				CLANG_WARN_OBJC_ROOT_CLASS = YES_ERROR;
				CLANG_WARN_SUSPICIOUS_MOVE = YES;
				CLANG_WARN_UNREACHABLE_CODE = YES;
				CLANG_WARN__DUPLICATE_METHOD_MATCH = YES;
				"CODE_SIGN_IDENTITY[sdk=iphoneos*]" = "iPhone Developer";
				COPY_PHASE_STRIP = NO;
				DEBUG_INFORMATION_FORMAT = dwarf;
				ENABLE_STRICT_OBJC_MSGSEND = YES;
				ENABLE_TESTABILITY = YES;
				GCC_C_LANGUAGE_STANDARD = gnu99;
				GCC_DYNAMIC_NO_PIC = NO;
				GCC_NO_COMMON_BLOCKS = YES;
				GCC_OPTIMIZATION_LEVEL = 0;
				GCC_PREPROCESSOR_DEFINITIONS = (
					"DEBUG=1",
					"$(inherited)",
				);
				GCC_WARN_64_TO_32_BIT_CONVERSION = YES;
				GCC_WARN_ABOUT_RETURN_TYPE = YES_ERROR;
				GCC_WARN_UNDECLARED_SELECTOR = YES;
				GCC_WARN_UNINITIALIZED_AUTOS = YES_AGGRESSIVE;
				GCC_WARN_UNUSED_FUNCTION = YES;
				GCC_WARN_UNUSED_VARIABLE = YES;
				IPHONEOS_DEPLOYMENT_TARGET = 10.3;
				MTL_ENABLE_DEBUG_INFO = YES;
				ONLY_ACTIVE_ARCH = YES;
				SDKROOT = iphoneos;
				SWIFT_ACTIVE_COMPILATION_CONDITIONS = DEBUG;
				SWIFT_OPTIMIZATION_LEVEL = "-Onone";
			};
			name = Debug;
		};
		3FB2EEA31EEF585200C4044C /* Release */ = {
			isa = XCBuildConfiguration;
			buildSettings = {
				ALWAYS_SEARCH_USER_PATHS = NO;
				CLANG_ANALYZER_NONNULL = YES;
				CLANG_ANALYZER_NUMBER_OBJECT_CONVERSION = YES_AGGRESSIVE;
				CLANG_CXX_LANGUAGE_STANDARD = "gnu++0x";
				CLANG_CXX_LIBRARY = "libc++";
				CLANG_ENABLE_MODULES = YES;
				CLANG_ENABLE_OBJC_ARC = YES;
				CLANG_WARN_BOOL_CONVERSION = YES;
				CLANG_WARN_CONSTANT_CONVERSION = YES;
				CLANG_WARN_DIRECT_OBJC_ISA_USAGE = YES_ERROR;
				CLANG_WARN_DOCUMENTATION_COMMENTS = YES;
				CLANG_WARN_EMPTY_BODY = YES;
				CLANG_WARN_ENUM_CONVERSION = YES;
				CLANG_WARN_INFINITE_RECURSION = YES;
				CLANG_WARN_INT_CONVERSION = YES;
				CLANG_WARN_OBJC_ROOT_CLASS = YES_ERROR;
				CLANG_WARN_SUSPICIOUS_MOVE = YES;
				CLANG_WARN_UNREACHABLE_CODE = YES;
				CLANG_WARN__DUPLICATE_METHOD_MATCH = YES;
				"CODE_SIGN_IDENTITY[sdk=iphoneos*]" = "iPhone Developer";
				COPY_PHASE_STRIP = NO;
				DEBUG_INFORMATION_FORMAT = "dwarf-with-dsym";
				ENABLE_NS_ASSERTIONS = NO;
				ENABLE_STRICT_OBJC_MSGSEND = YES;
				GCC_C_LANGUAGE_STANDARD = gnu99;
				GCC_NO_COMMON_BLOCKS = YES;
				GCC_WARN_64_TO_32_BIT_CONVERSION = YES;
				GCC_WARN_ABOUT_RETURN_TYPE = YES_ERROR;
				GCC_WARN_UNDECLARED_SELECTOR = YES;
				GCC_WARN_UNINITIALIZED_AUTOS = YES_AGGRESSIVE;
				GCC_WARN_UNUSED_FUNCTION = YES;
				GCC_WARN_UNUSED_VARIABLE = YES;
				IPHONEOS_DEPLOYMENT_TARGET = 10.3;
				MTL_ENABLE_DEBUG_INFO = NO;
				SDKROOT = iphoneos;
				SWIFT_OPTIMIZATION_LEVEL = "-Owholemodule";
				VALIDATE_PRODUCT = YES;
			};
			name = Release;
		};
		3FB2EEA51EEF585200C4044C /* Debug */ = {
			isa = XCBuildConfiguration;
			baseConfigurationReference = 0C3F281D4776F3547EAF3A57 /* Pods-Etsy-eer.debug.xcconfig */;
			buildSettings = {
				ASSETCATALOG_COMPILER_APPICON_NAME = AppIcon;
				DEVELOPMENT_TEAM = L73BUW34SZ;
				INFOPLIST_FILE = "Etsy-eer/Info.plist";
				LD_RUNPATH_SEARCH_PATHS = "$(inherited) @executable_path/Frameworks";
				PRODUCT_BUNDLE_IDENTIFIER = "caldavies.Etsy-eer";
				PRODUCT_NAME = "$(TARGET_NAME)";
				SWIFT_VERSION = 3.0;
			};
			name = Debug;
		};
		3FB2EEA61EEF585200C4044C /* Release */ = {
			isa = XCBuildConfiguration;
			baseConfigurationReference = 86C61B68C6DEA88DF9CF4DA2 /* Pods-Etsy-eer.release.xcconfig */;
			buildSettings = {
				ASSETCATALOG_COMPILER_APPICON_NAME = AppIcon;
				DEVELOPMENT_TEAM = L73BUW34SZ;
				INFOPLIST_FILE = "Etsy-eer/Info.plist";
				LD_RUNPATH_SEARCH_PATHS = "$(inherited) @executable_path/Frameworks";
				PRODUCT_BUNDLE_IDENTIFIER = "caldavies.Etsy-eer";
				PRODUCT_NAME = "$(TARGET_NAME)";
				SWIFT_VERSION = 3.0;
			};
			name = Release;
		};
		3FB2EEA81EEF585200C4044C /* Debug */ = {
			isa = XCBuildConfiguration;
			baseConfigurationReference = BB687C915000C1EF52208658 /* Pods-Etsy-eerTests.debug.xcconfig */;
			buildSettings = {
				ALWAYS_EMBED_SWIFT_STANDARD_LIBRARIES = YES;
				BUNDLE_LOADER = "$(TEST_HOST)";
				INFOPLIST_FILE = "Etsy-eerTests/Info.plist";
				LD_RUNPATH_SEARCH_PATHS = "$(inherited) @executable_path/Frameworks @loader_path/Frameworks";
				PRODUCT_BUNDLE_IDENTIFIER = "caldavies.Etsy-eerTests";
				PRODUCT_NAME = "$(TARGET_NAME)";
				SWIFT_VERSION = 3.0;
				TEST_HOST = "$(BUILT_PRODUCTS_DIR)/Etsy-eer.app/Etsy-eer";
			};
			name = Debug;
		};
		3FB2EEA91EEF585200C4044C /* Release */ = {
			isa = XCBuildConfiguration;
			baseConfigurationReference = 5EFA65D79FC7C3001BA63980 /* Pods-Etsy-eerTests.release.xcconfig */;
			buildSettings = {
				ALWAYS_EMBED_SWIFT_STANDARD_LIBRARIES = YES;
				BUNDLE_LOADER = "$(TEST_HOST)";
				INFOPLIST_FILE = "Etsy-eerTests/Info.plist";
				LD_RUNPATH_SEARCH_PATHS = "$(inherited) @executable_path/Frameworks @loader_path/Frameworks";
				PRODUCT_BUNDLE_IDENTIFIER = "caldavies.Etsy-eerTests";
				PRODUCT_NAME = "$(TARGET_NAME)";
				SWIFT_VERSION = 3.0;
				TEST_HOST = "$(BUILT_PRODUCTS_DIR)/Etsy-eer.app/Etsy-eer";
			};
			name = Release;
		};
/* End XCBuildConfiguration section */

/* Begin XCConfigurationList section */
		3FB2EE7F1EEF585200C4044C /* Build configuration list for PBXProject "Etsy-eer" */ = {
			isa = XCConfigurationList;
			buildConfigurations = (
				3FB2EEA21EEF585200C4044C /* Debug */,
				3FB2EEA31EEF585200C4044C /* Release */,
			);
			defaultConfigurationIsVisible = 0;
			defaultConfigurationName = Release;
		};
		3FB2EEA41EEF585200C4044C /* Build configuration list for PBXNativeTarget "Etsy-eer" */ = {
			isa = XCConfigurationList;
			buildConfigurations = (
				3FB2EEA51EEF585200C4044C /* Debug */,
				3FB2EEA61EEF585200C4044C /* Release */,
			);
			defaultConfigurationIsVisible = 0;
			defaultConfigurationName = Release;
		};
		3FB2EEA71EEF585200C4044C /* Build configuration list for PBXNativeTarget "Etsy-eerTests" */ = {
			isa = XCConfigurationList;
			buildConfigurations = (
				3FB2EEA81EEF585200C4044C /* Debug */,
				3FB2EEA91EEF585200C4044C /* Release */,
			);
			defaultConfigurationIsVisible = 0;
			defaultConfigurationName = Release;
		};
/* End XCConfigurationList section */

/* Begin XCVersionGroup section */
		3FB2EE8E1EEF585200C4044C /* Etsy_eer.xcdatamodeld */ = {
			isa = XCVersionGroup;
			children = (
				3FB2EE8F1EEF585200C4044C /* Etsy_eer.xcdatamodel */,
			);
			currentVersion = 3FB2EE8F1EEF585200C4044C /* Etsy_eer.xcdatamodel */;
			path = Etsy_eer.xcdatamodeld;
			sourceTree = "<group>";
			versionGroupType = wrapper.xcdatamodel;
		};
/* End XCVersionGroup section */
	};
	rootObject = 3FB2EE7C1EEF585200C4044C /* Project object */;
}
